
Microsoft Visual Studio Solution File, Format Version 12.00
# Visual Studio Version 16
VisualStudioVersion = 16.0.31112.23
MinimumVisualStudioVersion = 10.0.40219.1
Project("{F2A71F9B-5D33-465A-A702-920D77279786}") = "DiscreteRate", "DiscreteRate\DiscreteRate.fsproj", "{77678317-F2D5-46C8-A655-E6742836E650}"
EndProject
Project("{F2A71F9B-5D33-465A-A702-920D77279786}") = "DiscreteRate.Console", "DiscreteRate.Console\DiscreteRate.Console.fsproj", "{CDA56CF4-BE54-46A0-BC77-3789366CF0F9}"
EndProject
Global
	GlobalSection(SolutionConfigurationPlatforms) = preSolution
		Debug|Any CPU = Debug|Any CPU
		Release|Any CPU = Release|Any CPU
	EndGlobalSection
	GlobalSection(ProjectConfigurationPlatforms) = postSolution
		{77678317-F2D5-46C8-A655-E6742836E650}.Debug|Any CPU.ActiveCfg = Debug|Any CPU
		{77678317-F2D5-46C8-A655-E6742836E650}.Debug|Any CPU.Build.0 = Debug|Any CPU
		{77678317-F2D5-46C8-A655-E6742836E650}.Release|Any CPU.ActiveCfg = Release|Any CPU
		{77678317-F2D5-46C8-A655-E6742836E650}.Release|Any CPU.Build.0 = Release|Any CPU
		{CDA56CF4-BE54-46A0-BC77-3789366CF0F9}.Debug|Any CPU.ActiveCfg = Debug|Any CPU
		{CDA56CF4-BE54-46A0-BC77-3789366CF0F9}.Debug|Any CPU.Build.0 = Debug|Any CPU
		{CDA56CF4-BE54-46A0-BC77-3789366CF0F9}.Release|Any CPU.ActiveCfg = Release|Any CPU
		{CDA56CF4-BE54-46A0-BC77-3789366CF0F9}.Release|Any CPU.Build.0 = Release|Any CPU
	EndGlobalSection
	GlobalSection(SolutionProperties) = preSolution
		HideSolutionNode = FALSE
	EndGlobalSection
	GlobalSection(ExtensibilityGlobals) = postSolution
		SolutionGuid = {29EA6388-3E59-4D1B-A334-33C1976D8373}
	EndGlobalSection
EndGlobal
